
Microsoft Visual Studio Solution File, Format Version 12.00
# Visual Studio Version 17
VisualStudioVersion = 17.8.34511.84
MinimumVisualStudioVersion = 10.0.40219.1
Project("{FAE04EC0-301F-11D3-BF4B-00C04F79EFBC}") = "NextDoorAutomation", "NextDoorAutomation\NextDoorAutomation.csproj", "{3DCE2CE0-106C-45BA-8CA8-946156DAAA9D}"
EndProject
Project("{FAE04EC0-301F-11D3-BF4B-00C04F79EFBC}") = "Business", "Business\Business.csproj", "{B487E0D4-1E48-403D-A133-7F94BC40D5EF}"
EndProject
Global
	GlobalSection(SolutionConfigurationPlatforms) = preSolution
		Debug|Any CPU = Debug|Any CPU
		Release|Any CPU = Release|Any CPU
	EndGlobalSection
	GlobalSection(ProjectConfigurationPlatforms) = postSolution
		{3DCE2CE0-106C-45BA-8CA8-946156DAAA9D}.Debug|Any CPU.ActiveCfg = Debug|Any CPU
		{3DCE2CE0-106C-45BA-8CA8-946156DAAA9D}.Debug|Any CPU.Build.0 = Debug|Any CPU
		{3DCE2CE0-106C-45BA-8CA8-946156DAAA9D}.Release|Any CPU.ActiveCfg = Release|Any CPU
		{3DCE2CE0-106C-45BA-8CA8-946156DAAA9D}.Release|Any CPU.Build.0 = Release|Any CPU
		{B487E0D4-1E48-403D-A133-7F94BC40D5EF}.Debug|Any CPU.ActiveCfg = Debug|Any CPU
		{B487E0D4-1E48-403D-A133-7F94BC40D5EF}.Debug|Any CPU.Build.0 = Debug|Any CPU
		{B487E0D4-1E48-403D-A133-7F94BC40D5EF}.Release|Any CPU.ActiveCfg = Release|Any CPU
		{B487E0D4-1E48-403D-A133-7F94BC40D5EF}.Release|Any CPU.Build.0 = Release|Any CPU
	EndGlobalSection
	GlobalSection(SolutionProperties) = preSolution
		HideSolutionNode = FALSE
	EndGlobalSection
	GlobalSection(ExtensibilityGlobals) = postSolution
		SolutionGuid = {7AE23F03-8894-470E-85E2-A1BEC751FE26}
	EndGlobalSection
EndGlobal
